
Microsoft Visual Studio Solution File, Format Version 12.00
# Visual Studio 14
VisualStudioVersion = 14.0.25420.1
MinimumVisualStudioVersion = 10.0.40219.1
Project("{FAE04EC0-301F-11D3-BF4B-00C04F79EFBC}") = "Graph_3D", "Graph_3D\Graph_3D.csproj", "{4CB24030-C72A-4518-B4D7-731ED6A41DC7}"
EndProject
Global
	GlobalSection(SolutionConfigurationPlatforms) = preSolution
		Debug|Any CPU = Debug|Any CPU
		Release|Any CPU = Release|Any CPU
	EndGlobalSection
	GlobalSection(ProjectConfigurationPlatforms) = postSolution
		{4CB24030-C72A-4518-B4D7-731ED6A41DC7}.Debug|Any CPU.ActiveCfg = Debug|Any CPU
		{4CB24030-C72A-4518-B4D7-731ED6A41DC7}.Debug|Any CPU.Build.0 = Debug|Any CPU
		{4CB24030-C72A-4518-B4D7-731ED6A41DC7}.Release|Any CPU.ActiveCfg = Release|Any CPU
		{4CB24030-C72A-4518-B4D7-731ED6A41DC7}.Release|Any CPU.Build.0 = Release|Any CPU
	EndGlobalSection
	GlobalSection(SolutionProperties) = preSolution
		HideSolutionNode = FALSE
	EndGlobalSection
	GlobalSection(ExtensibilityGlobals) = postSolution
		SolutionGuid = {734DDF2D-0F28-4A26-8094-D37AB56CCC2A}
	EndGlobalSection
EndGlobal
